
Microsoft Visual Studio Solution File, Format Version 12.00
# Visual Studio Version 17
VisualStudioVersion = 17.14.36915.13 d17.14
MinimumVisualStudioVersion = 10.0.40219.1
Project("{FAE04EC0-301F-11D3-BF4B-00C04F79EFBC}") = "AIvisiontest", "AIvisiontest\AIvisiontest.csproj", "{1666B66C-8809-475E-9EC3-A6052F5EFC96}"
EndProject
Global
	GlobalSection(SolutionConfigurationPlatforms) = preSolution
		Debug|Any CPU = Debug|Any CPU
		Release|Any CPU = Release|Any CPU
	EndGlobalSection
	GlobalSection(ProjectConfigurationPlatforms) = postSolution
		{1666B66C-8809-475E-9EC3-A6052F5EFC96}.Debug|Any CPU.ActiveCfg = Debug|Any CPU
		{1666B66C-8809-475E-9EC3-A6052F5EFC96}.Debug|Any CPU.Build.0 = Debug|Any CPU
		{1666B66C-8809-475E-9EC3-A6052F5EFC96}.Release|Any CPU.ActiveCfg = Release|Any CPU
		{1666B66C-8809-475E-9EC3-A6052F5EFC96}.Release|Any CPU.Build.0 = Release|Any CPU
	EndGlobalSection
	GlobalSection(SolutionProperties) = preSolution
		HideSolutionNode = FALSE
	EndGlobalSection
	GlobalSection(ExtensibilityGlobals) = postSolution
		SolutionGuid = {38E32094-281D-444C-875F-8281711895D4}
	EndGlobalSection
EndGlobal
